
Microsoft Visual Studio Solution File, Format Version 12.00
# Visual Studio Version 16
VisualStudioVersion = 16.0.30611.23
MinimumVisualStudioVersion = 10.0.40219.1
Project("{FAE04EC0-301F-11D3-BF4B-00C04F79EFBC}") = "Control de ingresos gastos", "Control de ingresos gastos\Control de ingresos gastos.csproj", "{B9554C0D-8F19-4AC0-A952-E39A4F43C5E6}"
EndProject
Global
	GlobalSection(SolutionConfigurationPlatforms) = preSolution
		Debug|Any CPU = Debug|Any CPU
		Release|Any CPU = Release|Any CPU
	EndGlobalSection
	GlobalSection(ProjectConfigurationPlatforms) = postSolution
		{B9554C0D-8F19-4AC0-A952-E39A4F43C5E6}.Debug|Any CPU.ActiveCfg = Debug|Any CPU
		{B9554C0D-8F19-4AC0-A952-E39A4F43C5E6}.Debug|Any CPU.Build.0 = Debug|Any CPU
		{B9554C0D-8F19-4AC0-A952-E39A4F43C5E6}.Release|Any CPU.ActiveCfg = Release|Any CPU
		{B9554C0D-8F19-4AC0-A952-E39A4F43C5E6}.Release|Any CPU.Build.0 = Release|Any CPU
	EndGlobalSection
	GlobalSection(SolutionProperties) = preSolution
		HideSolutionNode = FALSE
	EndGlobalSection
	GlobalSection(ExtensibilityGlobals) = postSolution
		SolutionGuid = {8FB74D45-0536-4A55-BD2C-D7FF626BB5B4}
	EndGlobalSection
EndGlobal
